
Microsoft Visual Studio Solution File, Format Version 12.00
# Visual Studio Version 16
VisualStudioVersion = 16.0.34031.81
MinimumVisualStudioVersion = 10.0.40219.1
Project("{2150E333-8FDC-42A3-9474-1A3956D46DE8}") = "Task0", "Task0", "{0B901C7A-71A0-4D83-9ED6-43433F893F00}"
EndProject
Project("{FAE04EC0-301F-11D3-BF4B-00C04F79EFBC}") = "Tyuiu.PaulikKV.Sprint5.Task0.V28.Test", "Tyuiu.PaulikKV.Sprint5.Task0.V28.Test\Tyuiu.PaulikKV.Sprint5.Task0.V28.Test.csproj", "{CA7F98F4-8C9C-4A04-8816-C1369DBF0849}"
EndProject
Project("{FAE04EC0-301F-11D3-BF4B-00C04F79EFBC}") = "Tyuiu.PaulikKV.Sprint5.Task0.V28.Lib", "Tyuiu.PaulikKV.Sprint5.Task0.V28.Lib\Tyuiu.PaulikKV.Sprint5.Task0.V28.Lib.csproj", "{1BE5352C-338A-4EAA-A39A-62EF1A8C6745}"
EndProject
Project("{FAE04EC0-301F-11D3-BF4B-00C04F79EFBC}") = "Tyuiu.PaulikKV.Sprint5.Task0.V28", "Tyuiu.PaulikKV.Sprint5.Task0.V28\Tyuiu.PaulikKV.Sprint5.Task0.V28.csproj", "{52D43D22-4F35-4D9F-BBB0-922EB1723761}"
EndProject
Project("{2150E333-8FDC-42A3-9474-1A3956D46DE8}") = "Task2", "Task2", "{11D7672E-2039-4106-9CE1-90960F72CE8F}"
EndProject
Project("{FAE04EC0-301F-11D3-BF4B-00C04F79EFBC}") = "Tyuiu.PaulikKV.Sprint5.Task2.V3", "Tyuiu.PaulikKV.Sprint5.Task2.V3\Tyuiu.PaulikKV.Sprint5.Task2.V3.csproj", "{6A139737-D312-4FD5-8B84-EBE2A88C8717}"
EndProject
Project("{FAE04EC0-301F-11D3-BF4B-00C04F79EFBC}") = "Tyuiu.PaulikKV.Sprint5.Task2.V3.Test", "Tyuiu.PaulikKV.Sprint5.Task2.V3.Test\Tyuiu.PaulikKV.Sprint5.Task2.V3.Test.csproj", "{452F61FC-AFEA-409C-BC7F-369761721F7E}"
EndProject
Project("{FAE04EC0-301F-11D3-BF4B-00C04F79EFBC}") = "Tyuiu.PaulikKV.Sprint5.Task2.V3.Lib", "Tyuiu.PaulikKV.Sprint5.Task2.V3.Lib\Tyuiu.PaulikKV.Sprint5.Task2.V3.Lib.csproj", "{2FD137F4-2A93-4A33-89DC-DF8961362568}"
EndProject
Project("{2150E333-8FDC-42A3-9474-1A3956D46DE8}") = "Task1", "Task1", "{19FA33AB-CB79-4C95-9988-E55B4106DADF}"
EndProject
Project("{FAE04EC0-301F-11D3-BF4B-00C04F79EFBC}") = "Tyuiu.PaulikKV.Sprint5.Task1.V26", "Tyuiu.PaulikKV.Sprint5.Task1.V26\Tyuiu.PaulikKV.Sprint5.Task1.V26.csproj", "{C7076CD8-D00A-434F-9CC2-CF111D995361}"
EndProject
Project("{FAE04EC0-301F-11D3-BF4B-00C04F79EFBC}") = "Tyuiu.PaulikKV.Sprint5.Task1.V26.Lib", "Tyuiu.PaulikKV.Sprint5.Task1.V26.Lib\Tyuiu.PaulikKV.Sprint5.Task1.V26.Lib.csproj", "{2AD2631E-419A-4BB2-8703-3E7799F95973}"
EndProject
Project("{FAE04EC0-301F-11D3-BF4B-00C04F79EFBC}") = "Tyuiu.PaulikKV.Sprint5.Task1.V26.Test", "Tyuiu.PaulikKV.Sprint5.Task1.V26.Test\Tyuiu.PaulikKV.Sprint5.Task1.V26.Test.csproj", "{31E97DD6-779F-4045-B229-1C0CBA1AEC45}"
EndProject
Global
	GlobalSection(SolutionConfigurationPlatforms) = preSolution
		Debug|Any CPU = Debug|Any CPU
		Release|Any CPU = Release|Any CPU
	EndGlobalSection
	GlobalSection(ProjectConfigurationPlatforms) = postSolution
		{CA7F98F4-8C9C-4A04-8816-C1369DBF0849}.Debug|Any CPU.ActiveCfg = Debug|Any CPU
		{CA7F98F4-8C9C-4A04-8816-C1369DBF0849}.Debug|Any CPU.Build.0 = Debug|Any CPU
		{CA7F98F4-8C9C-4A04-8816-C1369DBF0849}.Release|Any CPU.ActiveCfg = Release|Any CPU
		{CA7F98F4-8C9C-4A04-8816-C1369DBF0849}.Release|Any CPU.Build.0 = Release|Any CPU
		{1BE5352C-338A-4EAA-A39A-62EF1A8C6745}.Debug|Any CPU.ActiveCfg = Debug|Any CPU
		{1BE5352C-338A-4EAA-A39A-62EF1A8C6745}.Debug|Any CPU.Build.0 = Debug|Any CPU
		{1BE5352C-338A-4EAA-A39A-62EF1A8C6745}.Release|Any CPU.ActiveCfg = Release|Any CPU
		{1BE5352C-338A-4EAA-A39A-62EF1A8C6745}.Release|Any CPU.Build.0 = Release|Any CPU
		{52D43D22-4F35-4D9F-BBB0-922EB1723761}.Debug|Any CPU.ActiveCfg = Debug|Any CPU
		{52D43D22-4F35-4D9F-BBB0-922EB1723761}.Debug|Any CPU.Build.0 = Debug|Any CPU
		{52D43D22-4F35-4D9F-BBB0-922EB1723761}.Release|Any CPU.ActiveCfg = Release|Any CPU
		{52D43D22-4F35-4D9F-BBB0-922EB1723761}.Release|Any CPU.Build.0 = Release|Any CPU
		{6A139737-D312-4FD5-8B84-EBE2A88C8717}.Debug|Any CPU.ActiveCfg = Debug|Any CPU
		{6A139737-D312-4FD5-8B84-EBE2A88C8717}.Debug|Any CPU.Build.0 = Debug|Any CPU
		{6A139737-D312-4FD5-8B84-EBE2A88C8717}.Release|Any CPU.ActiveCfg = Release|Any CPU
		{6A139737-D312-4FD5-8B84-EBE2A88C8717}.Release|Any CPU.Build.0 = Release|Any CPU
		{452F61FC-AFEA-409C-BC7F-369761721F7E}.Debug|Any CPU.ActiveCfg = Debug|Any CPU
		{452F61FC-AFEA-409C-BC7F-369761721F7E}.Debug|Any CPU.Build.0 = Debug|Any CPU
		{452F61FC-AFEA-409C-BC7F-369761721F7E}.Release|Any CPU.ActiveCfg = Release|Any CPU
		{452F61FC-AFEA-409C-BC7F-369761721F7E}.Release|Any CPU.Build.0 = Release|Any CPU
		{2FD137F4-2A93-4A33-89DC-DF8961362568}.Debug|Any CPU.ActiveCfg = Debug|Any CPU
		{2FD137F4-2A93-4A33-89DC-DF8961362568}.Debug|Any CPU.Build.0 = Debug|Any CPU
		{2FD137F4-2A93-4A33-89DC-DF8961362568}.Release|Any CPU.ActiveCfg = Release|Any CPU
		{2FD137F4-2A93-4A33-89DC-DF8961362568}.Release|Any CPU.Build.0 = Release|Any CPU
		{C7076CD8-D00A-434F-9CC2-CF111D995361}.Debug|Any CPU.ActiveCfg = Debug|Any CPU
		{C7076CD8-D00A-434F-9CC2-CF111D995361}.Debug|Any CPU.Build.0 = Debug|Any CPU
		{C7076CD8-D00A-434F-9CC2-CF111D995361}.Release|Any CPU.ActiveCfg = Release|Any CPU
		{C7076CD8-D00A-434F-9CC2-CF111D995361}.Release|Any CPU.Build.0 = Release|Any CPU
		{2AD2631E-419A-4BB2-8703-3E7799F95973}.Debug|Any CPU.ActiveCfg = Debug|Any CPU
		{2AD2631E-419A-4BB2-8703-3E7799F95973}.Debug|Any CPU.Build.0 = Debug|Any CPU
		{2AD2631E-419A-4BB2-8703-3E7799F95973}.Release|Any CPU.ActiveCfg = Release|Any CPU
		{2AD2631E-419A-4BB2-8703-3E7799F95973}.Release|Any CPU.Build.0 = Release|Any CPU
		{31E97DD6-779F-4045-B229-1C0CBA1AEC45}.Debug|Any CPU.ActiveCfg = Debug|Any CPU
		{31E97DD6-779F-4045-B229-1C0CBA1AEC45}.Debug|Any CPU.Build.0 = Debug|Any CPU
		{31E97DD6-779F-4045-B229-1C0CBA1AEC45}.Release|Any CPU.ActiveCfg = Release|Any CPU
		{31E97DD6-779F-4045-B229-1C0CBA1AEC45}.Release|Any CPU.Build.0 = Release|Any CPU
	EndGlobalSection
	GlobalSection(SolutionProperties) = preSolution
		HideSolutionNode = FALSE
	EndGlobalSection
	GlobalSection(NestedProjects) = preSolution
		{CA7F98F4-8C9C-4A04-8816-C1369DBF0849} = {0B901C7A-71A0-4D83-9ED6-43433F893F00}
		{1BE5352C-338A-4EAA-A39A-62EF1A8C6745} = {0B901C7A-71A0-4D83-9ED6-43433F893F00}
		{52D43D22-4F35-4D9F-BBB0-922EB1723761} = {0B901C7A-71A0-4D83-9ED6-43433F893F00}
		{6A139737-D312-4FD5-8B84-EBE2A88C8717} = {11D7672E-2039-4106-9CE1-90960F72CE8F}
		{452F61FC-AFEA-409C-BC7F-369761721F7E} = {11D7672E-2039-4106-9CE1-90960F72CE8F}
		{2FD137F4-2A93-4A33-89DC-DF8961362568} = {11D7672E-2039-4106-9CE1-90960F72CE8F}
		{C7076CD8-D00A-434F-9CC2-CF111D995361} = {19FA33AB-CB79-4C95-9988-E55B4106DADF}
		{2AD2631E-419A-4BB2-8703-3E7799F95973} = {19FA33AB-CB79-4C95-9988-E55B4106DADF}
		{31E97DD6-779F-4045-B229-1C0CBA1AEC45} = {19FA33AB-CB79-4C95-9988-E55B4106DADF}
	EndGlobalSection
	GlobalSection(ExtensibilityGlobals) = postSolution
		SolutionGuid = {83E4B6FE-E824-4AE5-8E1C-52B43B2EDBA0}
	EndGlobalSection
EndGlobal
